
Microsoft Visual Studio Solution File, Format Version 12.00
# Visual Studio Version 16
VisualStudioVersion = 16.0.29806.167
MinimumVisualStudioVersion = 10.0.40219.1
Project("{FAE04EC0-301F-11D3-BF4B-00C04F79EFBC}") = "Task1", "Task1\Task1.csproj", "{7627D552-64F9-4B0A-B98D-B8887D0647FD}"
EndProject
Global
	GlobalSection(SolutionConfigurationPlatforms) = preSolution
		Debug|Any CPU = Debug|Any CPU
		Release|Any CPU = Release|Any CPU
	EndGlobalSection
	GlobalSection(ProjectConfigurationPlatforms) = postSolution
		{7627D552-64F9-4B0A-B98D-B8887D0647FD}.Debug|Any CPU.ActiveCfg = Debug|Any CPU
		{7627D552-64F9-4B0A-B98D-B8887D0647FD}.Debug|Any CPU.Build.0 = Debug|Any CPU
		{7627D552-64F9-4B0A-B98D-B8887D0647FD}.Release|Any CPU.ActiveCfg = Release|Any CPU
		{7627D552-64F9-4B0A-B98D-B8887D0647FD}.Release|Any CPU.Build.0 = Release|Any CPU
	EndGlobalSection
	GlobalSection(SolutionProperties) = preSolution
		HideSolutionNode = FALSE
	EndGlobalSection
	GlobalSection(ExtensibilityGlobals) = postSolution
		SolutionGuid = {124CA02C-1AC8-403C-B7BA-F604AC57277E}
	EndGlobalSection
EndGlobal
